
Microsoft Visual Studio Solution File, Format Version 12.00
# Visual Studio Version 16
VisualStudioVersion = 16.0.30002.166
MinimumVisualStudioVersion = 10.0.40219.1
Project("{FAE04EC0-301F-11D3-BF4B-00C04F79EFBC}") = "Bankomat", "Bankomat.csproj", "{2C99D598-7E25-47D4-89F0-B7C2682B4009}"
EndProject
Global
	GlobalSection(SolutionConfigurationPlatforms) = preSolution
		Debug|Any CPU = Debug|Any CPU
		Release|Any CPU = Release|Any CPU
	EndGlobalSection
	GlobalSection(ProjectConfigurationPlatforms) = postSolution
		{2C99D598-7E25-47D4-89F0-B7C2682B4009}.Debug|Any CPU.ActiveCfg = Debug|Any CPU
		{2C99D598-7E25-47D4-89F0-B7C2682B4009}.Debug|Any CPU.Build.0 = Debug|Any CPU
		{2C99D598-7E25-47D4-89F0-B7C2682B4009}.Release|Any CPU.ActiveCfg = Release|Any CPU
		{2C99D598-7E25-47D4-89F0-B7C2682B4009}.Release|Any CPU.Build.0 = Release|Any CPU
	EndGlobalSection
	GlobalSection(SolutionProperties) = preSolution
		HideSolutionNode = FALSE
	EndGlobalSection
	GlobalSection(ExtensibilityGlobals) = postSolution
		SolutionGuid = {6B19C32B-D0E3-464C-B00B-5E1F4C1A4A67}
	EndGlobalSection
EndGlobal
